
Microsoft Visual Studio Solution File, Format Version 12.00
# Visual Studio Version 17
VisualStudioVersion = 17.10.34928.147
MinimumVisualStudioVersion = 10.0.40219.1
Project("{9A19103F-16F7-4668-BE54-9A1E7A4F7556}") = "Medical.Domain", "MedicalAppointment.Domain\Medical.Domain.csproj", "{6EC731CD-FAC0-46F8-9837-B105B7A50D1E}"
EndProject
Project("{9A19103F-16F7-4668-BE54-9A1E7A4F7556}") = "MedicaI.nfractuture.cs", "MedicaInfractuture\MedicaI.nfractuture.cs.csproj", "{47E0F7F8-61C0-4D3A-8C15-1566F95EDC14}"
EndProject
Project("{9A19103F-16F7-4668-BE54-9A1E7A4F7556}") = "Medical.Percistances.cs", "Medical.Percistances.cs\Medical.Percistances.cs.csproj", "{EA04D9F8-364C-4DD6-98EF-58C4B66281EC}"
EndProject
Project("{2150E333-8FDC-42A3-9474-1A3956D46DE8}") = "Backend", "Backend", "{4888748E-2B74-44B2-BF3A-D748119264D9}"
EndProject
Project("{2150E333-8FDC-42A3-9474-1A3956D46DE8}") = "Frontend", "Frontend", "{2A20CCD5-8A06-42F0-AFC9-AB92AABE9264}"
EndProject
Global
	GlobalSection(SolutionConfigurationPlatforms) = preSolution
		Debug|Any CPU = Debug|Any CPU
		Release|Any CPU = Release|Any CPU
	EndGlobalSection
	GlobalSection(ProjectConfigurationPlatforms) = postSolution
		{6EC731CD-FAC0-46F8-9837-B105B7A50D1E}.Debug|Any CPU.ActiveCfg = Debug|Any CPU
		{6EC731CD-FAC0-46F8-9837-B105B7A50D1E}.Debug|Any CPU.Build.0 = Debug|Any CPU
		{6EC731CD-FAC0-46F8-9837-B105B7A50D1E}.Release|Any CPU.ActiveCfg = Release|Any CPU
		{6EC731CD-FAC0-46F8-9837-B105B7A50D1E}.Release|Any CPU.Build.0 = Release|Any CPU
		{47E0F7F8-61C0-4D3A-8C15-1566F95EDC14}.Debug|Any CPU.ActiveCfg = Debug|Any CPU
		{47E0F7F8-61C0-4D3A-8C15-1566F95EDC14}.Debug|Any CPU.Build.0 = Debug|Any CPU
		{47E0F7F8-61C0-4D3A-8C15-1566F95EDC14}.Release|Any CPU.ActiveCfg = Release|Any CPU
		{47E0F7F8-61C0-4D3A-8C15-1566F95EDC14}.Release|Any CPU.Build.0 = Release|Any CPU
		{EA04D9F8-364C-4DD6-98EF-58C4B66281EC}.Debug|Any CPU.ActiveCfg = Debug|Any CPU
		{EA04D9F8-364C-4DD6-98EF-58C4B66281EC}.Debug|Any CPU.Build.0 = Debug|Any CPU
		{EA04D9F8-364C-4DD6-98EF-58C4B66281EC}.Release|Any CPU.ActiveCfg = Release|Any CPU
		{EA04D9F8-364C-4DD6-98EF-58C4B66281EC}.Release|Any CPU.Build.0 = Release|Any CPU
	EndGlobalSection
	GlobalSection(SolutionProperties) = preSolution
		HideSolutionNode = FALSE
	EndGlobalSection
	GlobalSection(NestedProjects) = preSolution
		{6EC731CD-FAC0-46F8-9837-B105B7A50D1E} = {4888748E-2B74-44B2-BF3A-D748119264D9}
		{47E0F7F8-61C0-4D3A-8C15-1566F95EDC14} = {4888748E-2B74-44B2-BF3A-D748119264D9}
		{EA04D9F8-364C-4DD6-98EF-58C4B66281EC} = {4888748E-2B74-44B2-BF3A-D748119264D9}
	EndGlobalSection
	GlobalSection(ExtensibilityGlobals) = postSolution
		SolutionGuid = {E64FB083-0990-4498-98E1-0340578795AE}
	EndGlobalSection
EndGlobal
