
Microsoft Visual Studio Solution File, Format Version 12.00
# Visual Studio Version 17
VisualStudioVersion = 17.10.34928.147
MinimumVisualStudioVersion = 10.0.40219.1
Project("{9A19103F-16F7-4668-BE54-9A1E7A4F7556}") = "Medical.Domain", "MedicalAppointment.Domain\Medical.Domain.csproj", "{6EC731CD-FAC0-46F8-9837-B105B7A50D1E}"
EndProject
Project("{2150E333-8FDC-42A3-9474-1A3956D46DE8}") = "Backend", "Backend", "{4888748E-2B74-44B2-BF3A-D748119264D9}"
EndProject
Project("{2150E333-8FDC-42A3-9474-1A3956D46DE8}") = "Frontend", "Frontend", "{2A20CCD5-8A06-42F0-AFC9-AB92AABE9264}"
EndProject
Project("{9A19103F-16F7-4668-BE54-9A1E7A4F7556}") = "MedicalAppointment.Persistance", "MedicalAppointment.Persistance\MedicalAppointment.Persistance.csproj", "{C545269C-514B-4879-9936-7344645C16DE}"
EndProject
Project("{2150E333-8FDC-42A3-9474-1A3956D46DE8}") = "Api", "Api", "{3E09C526-461E-40A0-998F-897D53A26F04}"
EndProject
Project("{9A19103F-16F7-4668-BE54-9A1E7A4F7556}") = "MedicalAppointement.Users.Api", "MedicalAppointement.Configuration.Api\MedicalAppointement.Users.Api.csproj", "{826E41EF-A751-4892-878E-D169B84C52DE}"
EndProject
Project("{9A19103F-16F7-4668-BE54-9A1E7A4F7556}") = "MedicalAppoiment.systems.Api", "MedicalAppoiment.systems.Api\MedicalAppoiment.systems.Api.csproj", "{6CF4459F-413C-4826-B4FF-A7F227F01ACC}"
	ProjectSection(ProjectDependencies) = postProject
		{826E41EF-A751-4892-878E-D169B84C52DE} = {826E41EF-A751-4892-878E-D169B84C52DE}
		{C545269C-514B-4879-9936-7344645C16DE} = {C545269C-514B-4879-9936-7344645C16DE}
	EndProjectSection
EndProject
Project("{9A19103F-16F7-4668-BE54-9A1E7A4F7556}") = "MedicalAppoiment.Infraectructure", "MedicalAppoiment.Infraectructure\MedicalAppoiment.Infraectructure.csproj", "{BC59F954-8C6B-431F-81A1-2890B1679ABC}"
EndProject
Project("{9A19103F-16F7-4668-BE54-9A1E7A4F7556}") = "MedicalCoreAplications.cs", "MedicalCoreAplications.cs\MedicalCoreAplications.cs.csproj", "{E3AAF66B-82B8-4423-A59E-FFB50893A3B9}"
EndProject
Project("{9A19103F-16F7-4668-BE54-9A1E7A4F7556}") = "MedicalIOC.cs", "MedicalIOC.cs\MedicalIOC.cs.csproj", "{B6CF5D1D-9743-4F71-806B-417D365DD121}"
EndProject
Project("{FAE04EC0-301F-11D3-BF4B-00C04F79EFBC}") = "MedicalWeb.cs", "MedicalWeb.cs\MedicalWeb.cs.csproj", "{5DB6E831-1E3F-484B-B364-A50925BFD5A6}"
EndProject
Global
	GlobalSection(SolutionConfigurationPlatforms) = preSolution
		Debug|Any CPU = Debug|Any CPU
		Release|Any CPU = Release|Any CPU
	EndGlobalSection
	GlobalSection(ProjectConfigurationPlatforms) = postSolution
		{6EC731CD-FAC0-46F8-9837-B105B7A50D1E}.Debug|Any CPU.ActiveCfg = Debug|Any CPU
		{6EC731CD-FAC0-46F8-9837-B105B7A50D1E}.Debug|Any CPU.Build.0 = Debug|Any CPU
		{6EC731CD-FAC0-46F8-9837-B105B7A50D1E}.Release|Any CPU.ActiveCfg = Release|Any CPU
		{6EC731CD-FAC0-46F8-9837-B105B7A50D1E}.Release|Any CPU.Build.0 = Release|Any CPU
		{C545269C-514B-4879-9936-7344645C16DE}.Debug|Any CPU.ActiveCfg = Debug|Any CPU
		{C545269C-514B-4879-9936-7344645C16DE}.Debug|Any CPU.Build.0 = Debug|Any CPU
		{C545269C-514B-4879-9936-7344645C16DE}.Release|Any CPU.ActiveCfg = Release|Any CPU
		{C545269C-514B-4879-9936-7344645C16DE}.Release|Any CPU.Build.0 = Release|Any CPU
		{826E41EF-A751-4892-878E-D169B84C52DE}.Debug|Any CPU.ActiveCfg = Debug|Any CPU
		{826E41EF-A751-4892-878E-D169B84C52DE}.Debug|Any CPU.Build.0 = Debug|Any CPU
		{826E41EF-A751-4892-878E-D169B84C52DE}.Release|Any CPU.ActiveCfg = Release|Any CPU
		{826E41EF-A751-4892-878E-D169B84C52DE}.Release|Any CPU.Build.0 = Release|Any CPU
		{6CF4459F-413C-4826-B4FF-A7F227F01ACC}.Debug|Any CPU.ActiveCfg = Debug|Any CPU
		{6CF4459F-413C-4826-B4FF-A7F227F01ACC}.Debug|Any CPU.Build.0 = Debug|Any CPU
		{6CF4459F-413C-4826-B4FF-A7F227F01ACC}.Release|Any CPU.ActiveCfg = Release|Any CPU
		{6CF4459F-413C-4826-B4FF-A7F227F01ACC}.Release|Any CPU.Build.0 = Release|Any CPU
		{BC59F954-8C6B-431F-81A1-2890B1679ABC}.Debug|Any CPU.ActiveCfg = Debug|Any CPU
		{BC59F954-8C6B-431F-81A1-2890B1679ABC}.Debug|Any CPU.Build.0 = Debug|Any CPU
		{BC59F954-8C6B-431F-81A1-2890B1679ABC}.Release|Any CPU.ActiveCfg = Release|Any CPU
		{BC59F954-8C6B-431F-81A1-2890B1679ABC}.Release|Any CPU.Build.0 = Release|Any CPU
		{E3AAF66B-82B8-4423-A59E-FFB50893A3B9}.Debug|Any CPU.ActiveCfg = Debug|Any CPU
		{E3AAF66B-82B8-4423-A59E-FFB50893A3B9}.Debug|Any CPU.Build.0 = Debug|Any CPU
		{E3AAF66B-82B8-4423-A59E-FFB50893A3B9}.Release|Any CPU.ActiveCfg = Release|Any CPU
		{E3AAF66B-82B8-4423-A59E-FFB50893A3B9}.Release|Any CPU.Build.0 = Release|Any CPU
		{B6CF5D1D-9743-4F71-806B-417D365DD121}.Debug|Any CPU.ActiveCfg = Debug|Any CPU
		{B6CF5D1D-9743-4F71-806B-417D365DD121}.Debug|Any CPU.Build.0 = Debug|Any CPU
		{B6CF5D1D-9743-4F71-806B-417D365DD121}.Release|Any CPU.ActiveCfg = Release|Any CPU
		{B6CF5D1D-9743-4F71-806B-417D365DD121}.Release|Any CPU.Build.0 = Release|Any CPU
		{5DB6E831-1E3F-484B-B364-A50925BFD5A6}.Debug|Any CPU.ActiveCfg = Debug|Any CPU
		{5DB6E831-1E3F-484B-B364-A50925BFD5A6}.Debug|Any CPU.Build.0 = Debug|Any CPU
		{5DB6E831-1E3F-484B-B364-A50925BFD5A6}.Release|Any CPU.ActiveCfg = Release|Any CPU
		{5DB6E831-1E3F-484B-B364-A50925BFD5A6}.Release|Any CPU.Build.0 = Release|Any CPU
	EndGlobalSection
	GlobalSection(SolutionProperties) = preSolution
		HideSolutionNode = FALSE
	EndGlobalSection
	GlobalSection(NestedProjects) = preSolution
		{6EC731CD-FAC0-46F8-9837-B105B7A50D1E} = {4888748E-2B74-44B2-BF3A-D748119264D9}
		{C545269C-514B-4879-9936-7344645C16DE} = {4888748E-2B74-44B2-BF3A-D748119264D9}
		{826E41EF-A751-4892-878E-D169B84C52DE} = {3E09C526-461E-40A0-998F-897D53A26F04}
		{6CF4459F-413C-4826-B4FF-A7F227F01ACC} = {3E09C526-461E-40A0-998F-897D53A26F04}
		{BC59F954-8C6B-431F-81A1-2890B1679ABC} = {4888748E-2B74-44B2-BF3A-D748119264D9}
		{E3AAF66B-82B8-4423-A59E-FFB50893A3B9} = {4888748E-2B74-44B2-BF3A-D748119264D9}
		{B6CF5D1D-9743-4F71-806B-417D365DD121} = {4888748E-2B74-44B2-BF3A-D748119264D9}
		{5DB6E831-1E3F-484B-B364-A50925BFD5A6} = {2A20CCD5-8A06-42F0-AFC9-AB92AABE9264}
	EndGlobalSection
	GlobalSection(ExtensibilityGlobals) = postSolution
		SolutionGuid = {E64FB083-0990-4498-98E1-0340578795AE}
	EndGlobalSection
EndGlobal
